// !$*UTF8*$!
{
	archiveVersion = 1;
	classes = {
	};
	objectVersion = 46;
	objects = {

/* Begin PBXBuildFile section */
		0D566FF01E7F72040048A47C /* LoadObject.m in Sources */ = {isa = PBXBuildFile; fileRef = 0D566FEF1E7F72040048A47C /* LoadObject.m */; };
		0DD0ECBF1E7638920013CBC9 /* main.m in Sources */ = {isa = PBXBuildFile; fileRef = 0DD0ECBE1E7638920013CBC9 /* main.m */; };
		0DD0ECC21E7638920013CBC9 /* AppDelegate.m in Sources */ = {isa = PBXBuildFile; fileRef = 0DD0ECC11E7638920013CBC9 /* AppDelegate.m */; };
		0DD0ECC51E7638920013CBC9 /* ViewController.m in Sources */ = {isa = PBXBuildFile; fileRef = 0DD0ECC41E7638920013CBC9 /* ViewController.m */; };
		0DD0ECC81E7638920013CBC9 /* Main.storyboard in Resources */ = {isa = PBXBuildFile; fileRef = 0DD0ECC61E7638920013CBC9 /* Main.storyboard */; };
		0DD0ECCA1E7638920013CBC9 /* Assets.xcassets in Resources */ = {isa = PBXBuildFile; fileRef = 0DD0ECC91E7638920013CBC9 /* Assets.xcassets */; };
		0DD0ECCD1E7638920013CBC9 /* LaunchScreen.storyboard in Resources */ = {isa = PBXBuildFile; fileRef = 0DD0ECCB1E7638920013CBC9 /* LaunchScreen.storyboard */; };
		0DD0ECD81E7638920013CBC9 /* RuntimeDemoUITests.m in Sources */ = {isa = PBXBuildFile; fileRef = 0DD0ECD71E7638920013CBC9 /* RuntimeDemoUITests.m */; };
/* End PBXBuildFile section */

/* Begin PBXContainerItemProxy section */
		0DD0ECD41E7638920013CBC9 /* PBXContainerItemProxy */ = {
			isa = PBXContainerItemProxy;
			containerPortal = 0DD0ECB21E7638920013CBC9 /* Project object */;
			proxyType = 1;
			remoteGlobalIDString = 0DD0ECB91E7638920013CBC9;
			remoteInfo = RuntimeDemo;
		};
/* End PBXContainerItemProxy section */

/* Begin PBXFileReference section */
		0D566FEE1E7F72040048A47C /* LoadObject.h */ = {isa = PBXFileReference; fileEncoding = 4; lastKnownFileType = sourcecode.c.h; path = LoadObject.h; sourceTree = "<group>"; };
		0D566FEF1E7F72040048A47C /* LoadObject.m */ = {isa = PBXFileReference; fileEncoding = 4; lastKnownFileType = sourcecode.c.objc; path = LoadObject.m; sourceTree = "<group>"; };
		0DD0ECBA1E7638920013CBC9 /* RuntimeDemo.app */ = {isa = PBXFileReference; explicitFileType = wrapper.application; includeInIndex = 0; path = RuntimeDemo.app; sourceTree = BUILT_PRODUCTS_DIR; };
		0DD0ECBE1E7638920013CBC9 /* main.m */ = {isa = PBXFileReference; lastKnownFileType = sourcecode.c.objc; path = main.m; sourceTree = "<group>"; };
		0DD0ECC01E7638920013CBC9 /* AppDelegate.h */ = {isa = PBXFileReference; lastKnownFileType = sourcecode.c.h; path = AppDelegate.h; sourceTree = "<group>"; };
		0DD0ECC11E7638920013CBC9 /* AppDelegate.m */ = {isa = PBXFileReference; lastKnownFileType = sourcecode.c.objc; path = AppDelegate.m; sourceTree = "<group>"; };
		0DD0ECC31E7638920013CBC9 /* ViewController.h */ = {isa = PBXFileReference; lastKnownFileType = sourcecode.c.h; path = ViewController.h; sourceTree = "<group>"; };
		0DD0ECC41E7638920013CBC9 /* ViewController.m */ = {isa = PBXFileReference; lastKnownFileType = sourcecode.c.objc; path = ViewController.m; sourceTree = "<group>"; };
		0DD0ECC71E7638920013CBC9 /* Base */ = {isa = PBXFileReference; lastKnownFileType = file.storyboard; name = Base; path = Base.lproj/Main.storyboard; sourceTree = "<group>"; };
		0DD0ECC91E7638920013CBC9 /* Assets.xcassets */ = {isa = PBXFileReference; lastKnownFileType = folder.assetcatalog; path = Assets.xcassets; sourceTree = "<group>"; };
		0DD0ECCC1E7638920013CBC9 /* Base */ = {isa = PBXFileReference; lastKnownFileType = file.storyboard; name = Base; path = Base.lproj/LaunchScreen.storyboard; sourceTree = "<group>"; };
		0DD0ECCE1E7638920013CBC9 /* Info.plist */ = {isa = PBXFileReference; lastKnownFileType = text.plist.xml; path = Info.plist; sourceTree = "<group>"; };
		0DD0ECD31E7638920013CBC9 /* RuntimeDemoUITests.xctest */ = {isa = PBXFileReference; explicitFileType = wrapper.cfbundle; includeInIndex = 0; path = RuntimeDemoUITests.xctest; sourceTree = BUILT_PRODUCTS_DIR; };
		0DD0ECD71E7638920013CBC9 /* RuntimeDemoUITests.m */ = {isa = PBXFileReference; lastKnownFileType = sourcecode.c.objc; path = RuntimeDemoUITests.m; sourceTree = "<group>"; };
		0DD0ECD91E7638920013CBC9 /* Info.plist */ = {isa = PBXFileReference; lastKnownFileType = text.plist.xml; path = Info.plist; sourceTree = "<group>"; };
/* End PBXFileReference section */

/* Begin PBXFrameworksBuildPhase section */
		0DD0ECB71E7638920013CBC9 /* Frameworks */ = {
			isa = PBXFrameworksBuildPhase;
			buildActionMask = 2147483647;
			files = (
			);
			runOnlyForDeploymentPostprocessing = 0;
		};
		0DD0ECD01E7638920013CBC9 /* Frameworks */ = {
			isa = PBXFrameworksBuildPhase;
			buildActionMask = 2147483647;
			files = (
			);
			runOnlyForDeploymentPostprocessing = 0;
		};
/* End PBXFrameworksBuildPhase section */

/* Begin PBXGroup section */
		0DD0ECB11E7638920013CBC9 = {
			isa = PBXGroup;
			children = (
				0DD0ECBC1E7638920013CBC9 /* RuntimeDemo */,
				0DD0ECD61E7638920013CBC9 /* RuntimeDemoUITests */,
				0DD0ECBB1E7638920013CBC9 /* Products */,
			);
			sourceTree = "<group>";
		};
		0DD0ECBB1E7638920013CBC9 /* Products */ = {
			isa = PBXGroup;
			children = (
				0DD0ECBA1E7638920013CBC9 /* RuntimeDemo.app */,
				0DD0ECD31E7638920013CBC9 /* RuntimeDemoUITests.xctest */,
			);
			name = Products;
			sourceTree = "<group>";
		};
		0DD0ECBC1E7638920013CBC9 /* RuntimeDemo */ = {
			isa = PBXGroup;
			children = (
				0DD0ECC01E7638920013CBC9 /* AppDelegate.h */,
				0DD0ECC11E7638920013CBC9 /* AppDelegate.m */,
				0DD0ECC31E7638920013CBC9 /* ViewController.h */,
				0DD0ECC41E7638920013CBC9 /* ViewController.m */,
				0D566FEE1E7F72040048A47C /* LoadObject.h */,
				0D566FEF1E7F72040048A47C /* LoadObject.m */,
				0DD0ECC61E7638920013CBC9 /* Main.storyboard */,
				0DD0ECC91E7638920013CBC9 /* Assets.xcassets */,
				0DD0ECCB1E7638920013CBC9 /* LaunchScreen.storyboard */,
				0DD0ECCE1E7638920013CBC9 /* Info.plist */,
				0DD0ECBD1E7638920013CBC9 /* Supporting Files */,
			);
			path = RuntimeDemo;
			sourceTree = "<group>";
		};
		0DD0ECBD1E7638920013CBC9 /* Supporting Files */ = {
			isa = PBXGroup;
			children = (
				0DD0ECBE1E7638920013CBC9 /* main.m */,
			);
			name = "Supporting Files";
			sourceTree = "<group>";
		};
		0DD0ECD61E7638920013CBC9 /* RuntimeDemoUITests */ = {
			isa = PBXGroup;
			children = (
				0DD0ECD71E7638920013CBC9 /* RuntimeDemoUITests.m */,
				0DD0ECD91E7638920013CBC9 /* Info.plist */,
			);
			path = RuntimeDemoUITests;
			sourceTree = "<group>";
		};
/* End PBXGroup section */

/* Begin PBXNativeTarget section */
		0DD0ECB91E7638920013CBC9 /* RuntimeDemo */ = {
			isa = PBXNativeTarget;
			buildConfigurationList = 0DD0ECDC1E7638920013CBC9 /* Build configuration list for PBXNativeTarget "RuntimeDemo" */;
			buildPhases = (
				0DD0ECB61E7638920013CBC9 /* Sources */,
				0DD0ECB71E7638920013CBC9 /* Frameworks */,
				0DD0ECB81E7638920013CBC9 /* Resources */,
			);
			buildRules = (
			);
			dependencies = (
			);
			name = RuntimeDemo;
			productName = RuntimeDemo;
			productReference = 0DD0ECBA1E7638920013CBC9 /* RuntimeDemo.app */;
			productType = "com.apple.product-type.application";
		};
		0DD0ECD21E7638920013CBC9 /* RuntimeDemoUITests */ = {
			isa = PBXNativeTarget;
			buildConfigurationList = 0DD0ECDF1E7638920013CBC9 /* Build configuration list for PBXNativeTarget "RuntimeDemoUITests" */;
			buildPhases = (
				0DD0ECCF1E7638920013CBC9 /* Sources */,
				0DD0ECD01E7638920013CBC9 /* Frameworks */,
				0DD0ECD11E7638920013CBC9 /* Resources */,
			);
			buildRules = (
			);
			dependencies = (
				0DD0ECD51E7638920013CBC9 /* PBXTargetDependency */,
			);
			name = RuntimeDemoUITests;
			productName = RuntimeDemoUITests;
			productReference = 0DD0ECD31E7638920013CBC9 /* RuntimeDemoUITests.xctest */;
			productType = "com.apple.product-type.bundle.ui-testing";
		};
/* End PBXNativeTarget section */

/* Begin PBXProject section */
		0DD0ECB21E7638920013CBC9 /* Project object */ = {
			isa = PBXProject;
			attributes = {
				LastUpgradeCheck = 0810;
				ORGANIZATIONNAME = chenchaozhong;
				TargetAttributes = {
					0DD0ECB91E7638920013CBC9 = {
						CreatedOnToolsVersion = 8.1;
						ProvisioningStyle = Automatic;
					};
					0DD0ECD21E7638920013CBC9 = {
						CreatedOnToolsVersion = 8.1;
						ProvisioningStyle = Automatic;
						TestTargetID = 0DD0ECB91E7638920013CBC9;
					};
				};
			};
			buildConfigurationList = 0DD0ECB51E7638920013CBC9 /* Build configuration list for PBXProject "RuntimeDemo" */;
			compatibilityVersion = "Xcode 3.2";
			developmentRegion = English;
			hasScannedForEncodings = 0;
			knownRegions = (
				en,
				Base,
			);
			mainGroup = 0DD0ECB11E7638920013CBC9;
			productRefGroup = 0DD0ECBB1E7638920013CBC9 /* Products */;
			projectDirPath = "";
			projectRoot = "";
			targets = (
				0DD0ECB91E7638920013CBC9 /* RuntimeDemo */,
				0DD0ECD21E7638920013CBC9 /* RuntimeDemoUITests */,
			);
		};
/* End PBXProject section */

/* Begin PBXResourcesBuildPhase section */
		0DD0ECB81E7638920013CBC9 /* Resources */ = {
			isa = PBXResourcesBuildPhase;
			buildActionMask = 2147483647;
			files = (
				0DD0ECCD1E7638920013CBC9 /* LaunchScreen.storyboard in Resources */,
				0DD0ECCA1E7638920013CBC9 /* Assets.xcassets in Resources */,
				0DD0ECC81E7638920013CBC9 /* Main.storyboard in Resources */,
			);
			runOnlyForDeploymentPostprocessing = 0;
		};
		0DD0ECD11E7638920013CBC9 /* Resources */ = {
			isa = PBXResourcesBuildPhase;
			buildActionMask = 2147483647;
			files = (
			);
			runOnlyForDeploymentPostprocessing = 0;
		};
/* End PBXResourcesBuildPhase section */

/* Begin PBXSourcesBuildPhase section */
		0DD0ECB61E7638920013CBC9 /* Sources */ = {
			isa = PBXSourcesBuildPhase;
			buildActionMask = 2147483647;
			files = (
				0DD0ECC51E7638920013CBC9 /* ViewController.m in Sources */,
				0DD0ECC21E7638920013CBC9 /* AppDelegate.m in Sources */,
				0D566FF01E7F72040048A47C /* LoadObject.m in Sources */,
				0DD0ECBF1E7638920013CBC9 /* main.m in Sources */,
			);
			runOnlyForDeploymentPostprocessing = 0;
		};
		0DD0ECCF1E7638920013CBC9 /* Sources */ = {
			isa = PBXSourcesBuildPhase;
			buildActionMask = 2147483647;
			files = (
				0DD0ECD81E7638920013CBC9 /* RuntimeDemoUITests.m in Sources */,
			);
			runOnlyForDeploymentPostprocessing = 0;
		};
/* End PBXSourcesBuildPhase section */

/* Begin PBXTargetDependency section */
		0DD0ECD51E7638920013CBC9 /* PBXTargetDependency */ = {
			isa = PBXTargetDependency;
			target = 0DD0ECB91E7638920013CBC9 /* RuntimeDemo */;
			targetProxy = 0DD0ECD41E7638920013CBC9 /* PBXContainerItemProxy */;
		};
/* End PBXTargetDependency section */

/* Begin PBXVariantGroup section */
		0DD0ECC61E7638920013CBC9 /* Main.storyboard */ = {
			isa = PBXVariantGroup;
			children = (
				0DD0ECC71E7638920013CBC9 /* Base */,
			);
			name = Main.storyboard;
			sourceTree = "<group>";
		};
		0DD0ECCB1E7638920013CBC9 /* LaunchScreen.storyboard */ = {
			isa = PBXVariantGroup;
			children = (
				0DD0ECCC1E7638920013CBC9 /* Base */,
			);
			name = LaunchScreen.storyboard;
			sourceTree = "<group>";
		};
/* End PBXVariantGroup section */

/* Begin XCBuildConfiguration section */
		0DD0ECDA1E7638920013CBC9 /* Debug */ = {
			isa = XCBuildConfiguration;
			buildSettings = {
				ALWAYS_SEARCH_USER_PATHS = NO;
				CLANG_ANALYZER_NONNULL = YES;
				CLANG_CXX_LANGUAGE_STANDARD = "gnu++0x";
				CLANG_CXX_LIBRARY = "libc++";
				CLANG_ENABLE_MODULES = YES;
				CLANG_ENABLE_OBJC_ARC = YES;
				CLANG_WARN_BOOL_CONVERSION = YES;
				CLANG_WARN_CONSTANT_CONVERSION = YES;
				CLANG_WARN_DIRECT_OBJC_ISA_USAGE = YES_ERROR;
				CLANG_WARN_DOCUMENTATION_COMMENTS = YES;
				CLANG_WARN_EMPTY_BODY = YES;
				CLANG_WARN_ENUM_CONVERSION = YES;
				CLANG_WARN_INFINITE_RECURSION = YES;
				CLANG_WARN_INT_CONVERSION = YES;
				CLANG_WARN_OBJC_ROOT_CLASS = YES_ERROR;
				CLANG_WARN_SUSPICIOUS_MOVES = YES;
				CLANG_WARN_UNREACHABLE_CODE = YES;
				CLANG_WARN__DUPLICATE_METHOD_MATCH = YES;
				"CODE_SIGN_IDENTITY[sdk=iphoneos*]" = "iPhone Developer";
				COPY_PHASE_STRIP = NO;
				DEBUG_INFORMATION_FORMAT = dwarf;
				ENABLE_STRICT_OBJC_MSGSEND = YES;
				ENABLE_TESTABILITY = YES;
				GCC_C_LANGUAGE_STANDARD = gnu99;
				GCC_DYNAMIC_NO_PIC = NO;
				GCC_NO_COMMON_BLOCKS = YES;
				GCC_OPTIMIZATION_LEVEL = 0;
				GCC_PREPROCESSOR_DEFINITIONS = (
					"DEBUG=1",
					"$(inherited)",
				);
				GCC_WARN_64_TO_32_BIT_CONVERSION = YES;
				GCC_WARN_ABOUT_RETURN_TYPE = YES_ERROR;
				GCC_WARN_UNDECLARED_SELECTOR = YES;
				GCC_WARN_UNINITIALIZED_AUTOS = YES_AGGRESSIVE;
				GCC_WARN_UNUSED_FUNCTION = YES;
				GCC_WARN_UNUSED_VARIABLE = YES;
				IPHONEOS_DEPLOYMENT_TARGET = 10.1;
				MTL_ENABLE_DEBUG_INFO = YES;
				ONLY_ACTIVE_ARCH = YES;
				SDKROOT = iphoneos;
				TARGETED_DEVICE_FAMILY = "1,2";
			};
			name = Debug;
		};
		0DD0ECDB1E7638920013CBC9 /* Release */ = {
			isa = XCBuildConfiguration;
			buildSettings = {
				ALWAYS_SEARCH_USER_PATHS = NO;
				CLANG_ANALYZER_NONNULL = YES;
				CLANG_CXX_LANGUAGE_STANDARD = "gnu++0x";
				CLANG_CXX_LIBRARY = "libc++";
				CLANG_ENABLE_MODULES = YES;
				CLANG_ENABLE_OBJC_ARC = YES;
				CLANG_WARN_BOOL_CONVERSION = YES;
				CLANG_WARN_CONSTANT_CONVERSION = YES;
				CLANG_WARN_DIRECT_OBJC_ISA_USAGE = YES_ERROR;
				CLANG_WARN_DOCUMENTATION_COMMENTS = YES;
				CLANG_WARN_EMPTY_BODY = YES;
				CLANG_WARN_ENUM_CONVERSION = YES;
				CLANG_WARN_INFINITE_RECURSION = YES;
				CLANG_WARN_INT_CONVERSION = YES;
				CLANG_WARN_OBJC_ROOT_CLASS = YES_ERROR;
				CLANG_WARN_SUSPICIOUS_MOVES = YES;
				CLANG_WARN_UNREACHABLE_CODE = YES;
				CLANG_WARN__DUPLICATE_METHOD_MATCH = YES;
				"CODE_SIGN_IDENTITY[sdk=iphoneos*]" = "iPhone Developer";
				COPY_PHASE_STRIP = NO;
				DEBUG_INFORMATION_FORMAT = "dwarf-with-dsym";
				ENABLE_NS_ASSERTIONS = NO;
				ENABLE_STRICT_OBJC_MSGSEND = YES;
				GCC_C_LANGUAGE_STANDARD = gnu99;
				GCC_NO_COMMON_BLOCKS = YES;
				GCC_WARN_64_TO_32_BIT_CONVERSION = YES;
				GCC_WARN_ABOUT_RETURN_TYPE = YES_ERROR;
				GCC_WARN_UNDECLARED_SELECTOR = YES;
				GCC_WARN_UNINITIALIZED_AUTOS = YES_AGGRESSIVE;
				GCC_WARN_UNUSED_FUNCTION = YES;
				GCC_WARN_UNUSED_VARIABLE = YES;
				IPHONEOS_DEPLOYMENT_TARGET = 10.1;
				MTL_ENABLE_DEBUG_INFO = NO;
				SDKROOT = iphoneos;
				TARGETED_DEVICE_FAMILY = "1,2";
				VALIDATE_PRODUCT = YES;
			};
			name = Release;
		};
		0DD0ECDD1E7638920013CBC9 /* Debug */ = {
			isa = XCBuildConfiguration;
			buildSettings = {
				ASSETCATALOG_COMPILER_APPICON_NAME = AppIcon;
				INFOPLIST_FILE = RuntimeDemo/Info.plist;
				LD_RUNPATH_SEARCH_PATHS = "$(inherited) @executable_path/Frameworks";
				PRODUCT_BUNDLE_IDENTIFIER = chenchaohzong.RuntimeDemo;
				PRODUCT_NAME = "$(TARGET_NAME)";
			};
			name = Debug;
		};
		0DD0ECDE1E7638920013CBC9 /* Release */ = {
			isa = XCBuildConfiguration;
			buildSettings = {
				ASSETCATALOG_COMPILER_APPICON_NAME = AppIcon;
				INFOPLIST_FILE = RuntimeDemo/Info.plist;
				LD_RUNPATH_SEARCH_PATHS = "$(inherited) @executable_path/Frameworks";
				PRODUCT_BUNDLE_IDENTIFIER = chenchaohzong.RuntimeDemo;
				PRODUCT_NAME = "$(TARGET_NAME)";
			};
			name = Release;
		};
		0DD0ECE01E7638920013CBC9 /* Debug */ = {
			isa = XCBuildConfiguration;
			buildSettings = {
				INFOPLIST_FILE = RuntimeDemoUITests/Info.plist;
				LD_RUNPATH_SEARCH_PATHS = "$(inherited) @executable_path/Frameworks @loader_path/Frameworks";
				PRODUCT_BUNDLE_IDENTIFIER = chenchaohzong.RuntimeDemoUITests;
				PRODUCT_NAME = "$(TARGET_NAME)";
				TEST_TARGET_NAME = RuntimeDemo;
			};
			name = Debug;
		};
		0DD0ECE11E7638920013CBC9 /* Release */ = {
			isa = XCBuildConfiguration;
			buildSettings = {
				INFOPLIST_FILE = RuntimeDemoUITests/Info.plist;
				LD_RUNPATH_SEARCH_PATHS = "$(inherited) @executable_path/Frameworks @loader_path/Frameworks";
				PRODUCT_BUNDLE_IDENTIFIER = chenchaohzong.RuntimeDemoUITests;
				PRODUCT_NAME = "$(TARGET_NAME)";
				TEST_TARGET_NAME = RuntimeDemo;
			};
			name = Release;
		};
/* End XCBuildConfiguration section */

/* Begin XCConfigurationList section */
		0DD0ECB51E7638920013CBC9 /* Build configuration list for PBXProject "RuntimeDemo" */ = {
			isa = XCConfigurationList;
			buildConfigurations = (
				0DD0ECDA1E7638920013CBC9 /* Debug */,
				0DD0ECDB1E7638920013CBC9 /* Release */,
			);
			defaultConfigurationIsVisible = 0;
			defaultConfigurationName = Release;
		};
		0DD0ECDC1E7638920013CBC9 /* Build configuration list for PBXNativeTarget "RuntimeDemo" */ = {
			isa = XCConfigurationList;
			buildConfigurations = (
				0DD0ECDD1E7638920013CBC9 /* Debug */,
				0DD0ECDE1E7638920013CBC9 /* Release */,
			);
			defaultConfigurationIsVisible = 0;
			defaultConfigurationName = Release;
		};
		0DD0ECDF1E7638920013CBC9 /* Build configuration list for PBXNativeTarget "RuntimeDemoUITests" */ = {
			isa = XCConfigurationList;
			buildConfigurations = (
				0DD0ECE01E7638920013CBC9 /* Debug */,
				0DD0ECE11E7638920013CBC9 /* Release */,
			);
			defaultConfigurationIsVisible = 0;
			defaultConfigurationName = Release;
		};
/* End XCConfigurationList section */
	};
	rootObject = 0DD0ECB21E7638920013CBC9 /* Project object */;
}
